
Microsoft Visual Studio Solution File, Format Version 12.00
# Visual Studio Version 17
VisualStudioVersion = 17.14.36121.58
MinimumVisualStudioVersion = 10.0.40219.1
Project("{FAE04EC0-301F-11D3-BF4B-00C04F79EFBC}") = "ConsoleApp1", "ConsoleApp1\ConsoleApp1.csproj", "{5351AF82-201F-45BF-8962-FE209597D2F1}"
EndProject
Project("{FAE04EC0-301F-11D3-BF4B-00C04F79EFBC}") = "ConsoleApp2", "ConsoleApp2\ConsoleApp2.csproj", "{373746F2-E265-4B0A-9439-C53B508C57E0}"
EndProject
Global
	GlobalSection(SolutionConfigurationPlatforms) = preSolution
		Debug|Any CPU = Debug|Any CPU
		Release|Any CPU = Release|Any CPU
	EndGlobalSection
	GlobalSection(ProjectConfigurationPlatforms) = postSolution
		{5351AF82-201F-45BF-8962-FE209597D2F1}.Debug|Any CPU.ActiveCfg = Debug|Any CPU
		{5351AF82-201F-45BF-8962-FE209597D2F1}.Debug|Any CPU.Build.0 = Debug|Any CPU
		{5351AF82-201F-45BF-8962-FE209597D2F1}.Release|Any CPU.ActiveCfg = Release|Any CPU
		{5351AF82-201F-45BF-8962-FE209597D2F1}.Release|Any CPU.Build.0 = Release|Any CPU
		{373746F2-E265-4B0A-9439-C53B508C57E0}.Debug|Any CPU.ActiveCfg = Debug|Any CPU
		{373746F2-E265-4B0A-9439-C53B508C57E0}.Debug|Any CPU.Build.0 = Debug|Any CPU
		{373746F2-E265-4B0A-9439-C53B508C57E0}.Release|Any CPU.ActiveCfg = Release|Any CPU
		{373746F2-E265-4B0A-9439-C53B508C57E0}.Release|Any CPU.Build.0 = Release|Any CPU
	EndGlobalSection
	GlobalSection(SolutionProperties) = preSolution
		HideSolutionNode = FALSE
	EndGlobalSection
	GlobalSection(ExtensibilityGlobals) = postSolution
		SolutionGuid = {68A36996-322C-4CF9-BBBB-CF220DC66EED}
	EndGlobalSection
EndGlobal
